
Microsoft Visual Studio Solution File, Format Version 11.00
# Visual Studio 2010
Project("{FAE04EC0-301F-11D3-BF4B-00C04F79EFBC}") = "Calibrate2", "Calibrate2\Calibrate2.csproj", "{2C6B7AE2-6716-4E95-A813-5A8929AEABCB}"
EndProject
Project("{FAE04EC0-301F-11D3-BF4B-00C04F79EFBC}") = "QuickLink2DotNet", "..\..\QuickLink2DotNet\QuickLink2DotNet.csproj", "{95D15B06-7319-4839-850B-C35F63B4FCCF}"
EndProject
Project("{FAE04EC0-301F-11D3-BF4B-00C04F79EFBC}") = "QuickLink2APIHelper", "..\QuickLink2APIHelper\QuickLink2APIHelper\QuickLink2APIHelper.csproj", "{AC23FC47-BCBB-4CBE-A7B7-DDFFC684FA14}"
EndProject
Global
	GlobalSection(SolutionConfigurationPlatforms) = preSolution
		Debug|Any CPU = Debug|Any CPU
		Debug|Mixed Platforms = Debug|Mixed Platforms
		Debug|x86 = Debug|x86
		Release|Any CPU = Release|Any CPU
		Release|Mixed Platforms = Release|Mixed Platforms
		Release|x86 = Release|x86
	EndGlobalSection
	GlobalSection(ProjectConfigurationPlatforms) = postSolution
		{2C6B7AE2-6716-4E95-A813-5A8929AEABCB}.Debug|Any CPU.ActiveCfg = Debug|x86
		{2C6B7AE2-6716-4E95-A813-5A8929AEABCB}.Debug|Mixed Platforms.ActiveCfg = Debug|x86
		{2C6B7AE2-6716-4E95-A813-5A8929AEABCB}.Debug|Mixed Platforms.Build.0 = Debug|x86
		{2C6B7AE2-6716-4E95-A813-5A8929AEABCB}.Debug|x86.ActiveCfg = Debug|x86
		{2C6B7AE2-6716-4E95-A813-5A8929AEABCB}.Debug|x86.Build.0 = Debug|x86
		{2C6B7AE2-6716-4E95-A813-5A8929AEABCB}.Release|Any CPU.ActiveCfg = Release|x86
		{2C6B7AE2-6716-4E95-A813-5A8929AEABCB}.Release|Mixed Platforms.ActiveCfg = Release|x86
		{2C6B7AE2-6716-4E95-A813-5A8929AEABCB}.Release|Mixed Platforms.Build.0 = Release|x86
		{2C6B7AE2-6716-4E95-A813-5A8929AEABCB}.Release|x86.ActiveCfg = Release|x86
		{2C6B7AE2-6716-4E95-A813-5A8929AEABCB}.Release|x86.Build.0 = Release|x86
		{95D15B06-7319-4839-850B-C35F63B4FCCF}.Debug|Any CPU.ActiveCfg = Debug|Any CPU
		{95D15B06-7319-4839-850B-C35F63B4FCCF}.Debug|Any CPU.Build.0 = Debug|Any CPU
		{95D15B06-7319-4839-850B-C35F63B4FCCF}.Debug|Mixed Platforms.ActiveCfg = Debug|Any CPU
		{95D15B06-7319-4839-850B-C35F63B4FCCF}.Debug|Mixed Platforms.Build.0 = Debug|Any CPU
		{95D15B06-7319-4839-850B-C35F63B4FCCF}.Debug|x86.ActiveCfg = Debug|Any CPU
		{95D15B06-7319-4839-850B-C35F63B4FCCF}.Release|Any CPU.ActiveCfg = Release|Any CPU
		{95D15B06-7319-4839-850B-C35F63B4FCCF}.Release|Any CPU.Build.0 = Release|Any CPU
		{95D15B06-7319-4839-850B-C35F63B4FCCF}.Release|Mixed Platforms.ActiveCfg = Release|Any CPU
		{95D15B06-7319-4839-850B-C35F63B4FCCF}.Release|Mixed Platforms.Build.0 = Release|Any CPU
		{95D15B06-7319-4839-850B-C35F63B4FCCF}.Release|x86.ActiveCfg = Release|Any CPU
		{AC23FC47-BCBB-4CBE-A7B7-DDFFC684FA14}.Debug|Any CPU.ActiveCfg = Debug|Any CPU
		{AC23FC47-BCBB-4CBE-A7B7-DDFFC684FA14}.Debug|Any CPU.Build.0 = Debug|Any CPU
		{AC23FC47-BCBB-4CBE-A7B7-DDFFC684FA14}.Debug|Mixed Platforms.ActiveCfg = Debug|Any CPU
		{AC23FC47-BCBB-4CBE-A7B7-DDFFC684FA14}.Debug|Mixed Platforms.Build.0 = Debug|Any CPU
		{AC23FC47-BCBB-4CBE-A7B7-DDFFC684FA14}.Debug|x86.ActiveCfg = Debug|Any CPU
		{AC23FC47-BCBB-4CBE-A7B7-DDFFC684FA14}.Release|Any CPU.ActiveCfg = Release|Any CPU
		{AC23FC47-BCBB-4CBE-A7B7-DDFFC684FA14}.Release|Any CPU.Build.0 = Release|Any CPU
		{AC23FC47-BCBB-4CBE-A7B7-DDFFC684FA14}.Release|Mixed Platforms.ActiveCfg = Release|Any CPU
		{AC23FC47-BCBB-4CBE-A7B7-DDFFC684FA14}.Release|Mixed Platforms.Build.0 = Release|Any CPU
		{AC23FC47-BCBB-4CBE-A7B7-DDFFC684FA14}.Release|x86.ActiveCfg = Release|Any CPU
	EndGlobalSection
	GlobalSection(SolutionProperties) = preSolution
		HideSolutionNode = FALSE
	EndGlobalSection
EndGlobal
